{
  "name": "epub-reader",
  "lockfileVersion": 3,
  "requires": true,
  "packages": {
    "": {
      "dependencies": {
        "foliate-js": "^1.0.1"
      }
    },
    "node_modules/construct-style-sheets-polyfill": {
      "version": "3.1.0",
      "resolved": "https://registry.npmjs.org/construct-style-sheets-polyfill/-/construct-style-sheets-polyfill-3.1.0.tgz",
      "integrity": "sha512-HBLKP0chz8BAY6rBdzda11c3wAZeCZ+kIG4weVC2NM3AXzxx09nhe8t0SQNdloAvg5GLuHwq/0SPOOSPvtCcKw=="
    },
    "node_modules/foliate-js": {
      "version": "1.0.1",
      "resolved": "https://registry.npmjs.org/foliate-js/-/foliate-js-1.0.1.tgz",
      "integrity": "sha512-Cj4h2ub5aVA+yUgbhvVhCyxwi0GPF4pyNBa6Lw9+6WKY1ReBxipItn2kEBO6u7Vu/xYXjK711R74+t+yW/0u5w==",
      "dependencies": {
        "construct-style-sheets-polyfill": "^3.1.0"
      }
    }
  }
}
